
Microsoft Visual Studio Solution File, Format Version 12.00
# Visual Studio Version 16
VisualStudioVersion = 16.0.30509.190
MinimumVisualStudioVersion = 10.0.40219.1
Project("{9A19103F-16F7-4668-BE54-9A1E7A4F7556}") = "GoodOrBadText", "GoodOrBadText.csproj", "{D83E5024-DA77-46C6-97A3-2BB973978034}"
EndProject
Global
	GlobalSection(SolutionConfigurationPlatforms) = preSolution
		Debug|Any CPU = Debug|Any CPU
		Release|Any CPU = Release|Any CPU
	EndGlobalSection
	GlobalSection(ProjectConfigurationPlatforms) = postSolution
		{D83E5024-DA77-46C6-97A3-2BB973978034}.Debug|Any CPU.ActiveCfg = Debug|Any CPU
		{D83E5024-DA77-46C6-97A3-2BB973978034}.Debug|Any CPU.Build.0 = Debug|Any CPU
		{D83E5024-DA77-46C6-97A3-2BB973978034}.Release|Any CPU.ActiveCfg = Release|Any CPU
		{D83E5024-DA77-46C6-97A3-2BB973978034}.Release|Any CPU.Build.0 = Release|Any CPU
	EndGlobalSection
	GlobalSection(SolutionProperties) = preSolution
		HideSolutionNode = FALSE
	EndGlobalSection
	GlobalSection(ExtensibilityGlobals) = postSolution
		SolutionGuid = {1398BD76-43FD-4D78-B9B2-CD202C3420D5}
	EndGlobalSection
EndGlobal
